<?xml version="1.0" encoding="utf-8"?>
<Project ToolsVersion="4.0" xmlns="http://schemas.microsoft.com/developer/msbuild/2003">
  <ItemGroup>
    <Filter Include="リソース ファイル">
      <UniqueIdentifier>{67DA6AB6-F800-4c08-8B7A-83BB121AAD01}</UniqueIdentifier>
      <Extensions>rc;ico;cur;bmp;dlg;rc2;rct;bin;rgs;gif;jpg;jpeg;jpe;resx;tiff;tif;png;wav;mfcribbon-ms</Extensions>
    </Filter>
    <Filter Include="Common">
      <UniqueIdentifier>{3ec03d5d-5958-4c12-ab0c-da82b66d68bb}</UniqueIdentifier>
    </Filter>
    <Filter Include="Game">
      <UniqueIdentifier>{4FC737F1-C7A5-4376-A066-2A32D752A2FF}</UniqueIdentifier>
      <Extensions>cpp;c;cc;cxx;c++;cppm;ixx;def;odl;idl;hpj;bat;asm;asmx</Extensions>
    </Filter>
    <Filter Include="Class">
      <UniqueIdentifier>{93995380-89BD-4b04-88EB-625FBE52EBFB}</UniqueIdentifier>
      <Extensions>h;hh;hpp;hxx;h++;hm;inl;inc;ipp;xsd</Extensions>
    </Filter>
    <Filter Include="Text">
      <UniqueIdentifier>{fee91476-451f-4e55-aae3-6297d8ddf679}</UniqueIdentifier>
    </Filter>
  </ItemGroup>
  <ItemGroup>
    <ClInclude Include="Mob.hpp">
      <Filter>Class</Filter>
    </ClInclude>
    <ClInclude Include="Object.hpp">
      <Filter>Class</Filter>
    </ClInclude>
    <ClInclude Include="Entity.hpp">
      <Filter>Class</Filter>
    </ClInclude>
    <ClInclude Include="Controll.hpp">
      <Filter>Class</Filter>
    </ClInclude>
    <ClInclude Include="convert_string.hpp">
      <Filter>Common</Filter>
    </ClInclude>
    <ClInclude Include="Draw.hpp">
      <Filter>Common</Filter>
    </ClInclude>
    <ClInclude Include="Handle.hpp">
      <Filter>Common</Filter>
    </ClInclude>
    <ClInclude Include="Input.hpp">
      <Filter>Common</Filter>
    </ClInclude>
    <ClInclude Include="Point.hpp">
      <Filter>Common</Filter>
    </ClInclude>
    <ClInclude Include="Particle.hpp">
      <Filter>Common</Filter>
    </ClInclude>
    <ClInclude Include="Config.hpp">
      <Filter>Game</Filter>
    </ClInclude>
    <ClInclude Include="Game.hpp">
      <Filter>Game</Filter>
    </ClInclude>
    <ClInclude Include="Field.hpp">
      <Filter>Class</Filter>
    </ClInclude>
    <ClInclude Include="Tile.hpp">
      <Filter>Common</Filter>
    </ClInclude>
    <ClInclude Include="BinIO.hpp">
      <Filter>Common</Filter>
    </ClInclude>
  </ItemGroup>
  <ItemGroup>
    <ClCompile Include="Game.cpp">
      <Filter>Game</Filter>
    </ClCompile>
    <ClCompile Include="convert_string.cpp">
      <Filter>Common</Filter>
    </ClCompile>
    <ClCompile Include="Draw.cpp">
      <Filter>Common</Filter>
    </ClCompile>
    <ClCompile Include="Handle.cpp">
      <Filter>Common</Filter>
    </ClCompile>
    <ClCompile Include="Particle.cpp">
      <Filter>Common</Filter>
    </ClCompile>
    <ClCompile Include="Mob.cpp">
      <Filter>Class</Filter>
    </ClCompile>
    <ClCompile Include="Object.cpp">
      <Filter>Class</Filter>
    </ClCompile>
    <ClCompile Include="Entity.cpp">
      <Filter>Class</Filter>
    </ClCompile>
    <ClCompile Include="Controll.cpp">
      <Filter>Class</Filter>
    </ClCompile>
    <ClCompile Include="main.cpp">
      <Filter>Game</Filter>
    </ClCompile>
    <ClCompile Include="Field.cpp">
      <Filter>Class</Filter>
    </ClCompile>
    <ClCompile Include="Tile.cpp">
      <Filter>Common</Filter>
    </ClCompile>
  </ItemGroup>
  <ItemGroup>
    <None Include="README.md">
      <Filter>Text</Filter>
    </None>
    <None Include=".gitignore">
      <Filter>Text</Filter>
    </None>
  </ItemGroup>
  <ItemGroup>
    <Text Include="設計.txt">
      <Filter>Text</Filter>
    </Text>
  </ItemGroup>
</Project>